
Microsoft Visual Studio Solution File, Format Version 12.00
# Visual Studio 2012
Project("{FAE04EC0-301F-11D3-BF4B-00C04F79EFBC}") = "WatchDog", "WatchDog\WatchDog.csproj", "{CAFD8732-F9DB-45AD-8E71-F1D5F3C34183}"
EndProject
Project("{FAE04EC0-301F-11D3-BF4B-00C04F79EFBC}") = "Power", "Power\Power.csproj", "{611A1376-F96C-4972-B4ED-FAFB5D085B5F}"
EndProject
Global
	GlobalSection(SolutionConfigurationPlatforms) = preSolution
		Debug|Any CPU = Debug|Any CPU
		Debug|Mixed Platforms = Debug|Mixed Platforms
		Debug|x86 = Debug|x86
		Release|Any CPU = Release|Any CPU
		Release|Mixed Platforms = Release|Mixed Platforms
		Release|x86 = Release|x86
	EndGlobalSection
	GlobalSection(ProjectConfigurationPlatforms) = postSolution
		{CAFD8732-F9DB-45AD-8E71-F1D5F3C34183}.Debug|Any CPU.ActiveCfg = Debug|Any CPU
		{CAFD8732-F9DB-45AD-8E71-F1D5F3C34183}.Debug|Any CPU.Build.0 = Debug|Any CPU
		{CAFD8732-F9DB-45AD-8E71-F1D5F3C34183}.Debug|Mixed Platforms.ActiveCfg = Debug|Any CPU
		{CAFD8732-F9DB-45AD-8E71-F1D5F3C34183}.Debug|Mixed Platforms.Build.0 = Debug|Any CPU
		{CAFD8732-F9DB-45AD-8E71-F1D5F3C34183}.Debug|x86.ActiveCfg = Debug|Any CPU
		{CAFD8732-F9DB-45AD-8E71-F1D5F3C34183}.Release|Any CPU.ActiveCfg = Release|Any CPU
		{CAFD8732-F9DB-45AD-8E71-F1D5F3C34183}.Release|Any CPU.Build.0 = Release|Any CPU
		{CAFD8732-F9DB-45AD-8E71-F1D5F3C34183}.Release|Mixed Platforms.ActiveCfg = Release|Any CPU
		{CAFD8732-F9DB-45AD-8E71-F1D5F3C34183}.Release|Mixed Platforms.Build.0 = Release|Any CPU
		{CAFD8732-F9DB-45AD-8E71-F1D5F3C34183}.Release|x86.ActiveCfg = Release|Any CPU
		{611A1376-F96C-4972-B4ED-FAFB5D085B5F}.Debug|Any CPU.ActiveCfg = Debug|Any CPU
		{611A1376-F96C-4972-B4ED-FAFB5D085B5F}.Debug|Any CPU.Build.0 = Debug|Any CPU
		{611A1376-F96C-4972-B4ED-FAFB5D085B5F}.Debug|Mixed Platforms.ActiveCfg = Debug|Any CPU
		{611A1376-F96C-4972-B4ED-FAFB5D085B5F}.Debug|Mixed Platforms.Build.0 = Debug|Any CPU
		{611A1376-F96C-4972-B4ED-FAFB5D085B5F}.Debug|x86.ActiveCfg = Debug|Any CPU
		{611A1376-F96C-4972-B4ED-FAFB5D085B5F}.Release|Any CPU.ActiveCfg = Release|Any CPU
		{611A1376-F96C-4972-B4ED-FAFB5D085B5F}.Release|Any CPU.Build.0 = Release|Any CPU
		{611A1376-F96C-4972-B4ED-FAFB5D085B5F}.Release|Mixed Platforms.ActiveCfg = Release|Any CPU
		{611A1376-F96C-4972-B4ED-FAFB5D085B5F}.Release|Mixed Platforms.Build.0 = Release|Any CPU
		{611A1376-F96C-4972-B4ED-FAFB5D085B5F}.Release|x86.ActiveCfg = Release|Any CPU
	EndGlobalSection
	GlobalSection(SolutionProperties) = preSolution
		HideSolutionNode = FALSE
	EndGlobalSection
EndGlobal
